
Microsoft Visual Studio Solution File, Format Version 12.00
# Visual Studio 14
VisualStudioVersion = 14.0.23107.0
MinimumVisualStudioVersion = 10.0.40219.1
Project("{FAE04EC0-301F-11D3-BF4B-00C04F79EFBC}") = "ProductsApiApp", "ProductsApiApp\ProductsApiApp.csproj", "{09676540-8043-4DC9-9D7F-29479A1C8A9B}"
EndProject
Project("{FAE04EC0-301F-11D3-BF4B-00C04F79EFBC}") = "ProductTester", "ProductTester\ProductTester\ProductTester.csproj", "{3E19C329-757A-4D8E-9910-F082576A164B}"
EndProject
Project("{888888A0-9F3D-457C-B088-3A5042F75D52}") = "ProductViewer", "ProductViewer\ProductViewer\ProductViewer.pyproj", "{143217DE-D4A3-4F6E-9E67-2FC510EB718C}"
EndProject
Global
	GlobalSection(SolutionConfigurationPlatforms) = preSolution
		Debug|Any CPU = Debug|Any CPU
		Release|Any CPU = Release|Any CPU
	EndGlobalSection
	GlobalSection(ProjectConfigurationPlatforms) = postSolution
		{09676540-8043-4DC9-9D7F-29479A1C8A9B}.Debug|Any CPU.ActiveCfg = Debug|Any CPU
		{09676540-8043-4DC9-9D7F-29479A1C8A9B}.Debug|Any CPU.Build.0 = Debug|Any CPU
		{09676540-8043-4DC9-9D7F-29479A1C8A9B}.Release|Any CPU.ActiveCfg = Release|Any CPU
		{09676540-8043-4DC9-9D7F-29479A1C8A9B}.Release|Any CPU.Build.0 = Release|Any CPU
		{3E19C329-757A-4D8E-9910-F082576A164B}.Debug|Any CPU.ActiveCfg = Debug|Any CPU
		{3E19C329-757A-4D8E-9910-F082576A164B}.Debug|Any CPU.Build.0 = Debug|Any CPU
		{3E19C329-757A-4D8E-9910-F082576A164B}.Release|Any CPU.ActiveCfg = Release|Any CPU
		{3E19C329-757A-4D8E-9910-F082576A164B}.Release|Any CPU.Build.0 = Release|Any CPU
		{143217DE-D4A3-4F6E-9E67-2FC510EB718C}.Debug|Any CPU.ActiveCfg = Debug|Any CPU
		{143217DE-D4A3-4F6E-9E67-2FC510EB718C}.Release|Any CPU.ActiveCfg = Release|Any CPU
	EndGlobalSection
	GlobalSection(SolutionProperties) = preSolution
		HideSolutionNode = FALSE
	EndGlobalSection
EndGlobal
